// !$*UTF8*$!
{
	archiveVersion = 1;
	classes = {
	};
	objectVersion = 46;
	objects = {

/* Begin PBXBuildFile section */
		2105F5881E8BE0F400492744 /* LICENSE in Resources */ = {isa = PBXBuildFile; fileRef = 2105F5371E8BE0F400492744 /* LICENSE */; };
		2105F5DA1E8CFC0100492744 /* RSAObject.m in Sources */ = {isa = PBXBuildFile; fileRef = 2105F5D91E8CFC0100492744 /* RSAObject.m */; };
		2105F5E01E8FC21C00492744 /* DH_AES.m in Sources */ = {isa = PBXBuildFile; fileRef = 2105F5DF1E8FC21C00492744 /* DH_AES.m */; };
		211582A31E24ECF600640615 /* PopView.m in Sources */ = {isa = PBXBuildFile; fileRef = 211582A01E24ECF600640615 /* PopView.m */; };
		211582A41E24ECF600640615 /* PopView.xib in Resources */ = {isa = PBXBuildFile; fileRef = 211582A11E24ECF600640615 /* PopView.xib */; };
		212E85E31E8237060084451A /* UIColor+Hex.m in Sources */ = {isa = PBXBuildFile; fileRef = 212E85E21E8237060084451A /* UIColor+Hex.m */; };
		213BB0571D111EA40013FC9B /* Localizable.strings in Resources */ = {isa = PBXBuildFile; fileRef = 213BB0591D111EA40013FC9B /* Localizable.strings */; };
		213E2E711D6C2E5600CF64BD /* STLoopProgressView+BaseConfiguration.m in Sources */ = {isa = PBXBuildFile; fileRef = 213E2E6E1D6C2E5600CF64BD /* STLoopProgressView+BaseConfiguration.m */; };
		213E2E721D6C2E5600CF64BD /* STLoopProgressView.m in Sources */ = {isa = PBXBuildFile; fileRef = 213E2E701D6C2E5600CF64BD /* STLoopProgressView.m */; };
		2149B4EF1D546DD800084CB1 /* BabyBluetooth.m in Sources */ = {isa = PBXBuildFile; fileRef = 2149B4DF1D546DD800084CB1 /* BabyBluetooth.m */; };
		2149B4F01D546DD800084CB1 /* BabyCallback.m in Sources */ = {isa = PBXBuildFile; fileRef = 2149B4E11D546DD800084CB1 /* BabyCallback.m */; };
		2149B4F11D546DD800084CB1 /* BabyCentralManager.m in Sources */ = {isa = PBXBuildFile; fileRef = 2149B4E31D546DD800084CB1 /* BabyCentralManager.m */; };
		2149B4F21D546DD800084CB1 /* BabyOptions.m in Sources */ = {isa = PBXBuildFile; fileRef = 2149B4E51D546DD800084CB1 /* BabyOptions.m */; };
		2149B4F31D546DD800084CB1 /* BabyPeripheralManager.m in Sources */ = {isa = PBXBuildFile; fileRef = 2149B4E71D546DD800084CB1 /* BabyPeripheralManager.m */; };
		2149B4F41D546DD800084CB1 /* BabyRhythm.m in Sources */ = {isa = PBXBuildFile; fileRef = 2149B4E91D546DD800084CB1 /* BabyRhythm.m */; };
		2149B4F51D546DD800084CB1 /* BabySpeaker.m in Sources */ = {isa = PBXBuildFile; fileRef = 2149B4EB1D546DD800084CB1 /* BabySpeaker.m */; };
		2149B4F61D546DD800084CB1 /* BabyToy.m in Sources */ = {isa = PBXBuildFile; fileRef = 2149B4ED1D546DD800084CB1 /* BabyToy.m */; };
		2149B59B1D54749400084CB1 /* MASCompositeConstraint.m in Sources */ = {isa = PBXBuildFile; fileRef = 2149B51F1D54749400084CB1 /* MASCompositeConstraint.m */; };
		2149B59C1D54749400084CB1 /* MASConstraint.m in Sources */ = {isa = PBXBuildFile; fileRef = 2149B5221D54749400084CB1 /* MASConstraint.m */; };
		2149B59D1D54749400084CB1 /* MASConstraintMaker.m in Sources */ = {isa = PBXBuildFile; fileRef = 2149B5241D54749400084CB1 /* MASConstraintMaker.m */; };
		2149B59E1D54749400084CB1 /* MASLayoutConstraint.m in Sources */ = {isa = PBXBuildFile; fileRef = 2149B5261D54749400084CB1 /* MASLayoutConstraint.m */; };
		2149B59F1D54749400084CB1 /* MASViewAttribute.m in Sources */ = {isa = PBXBuildFile; fileRef = 2149B52A1D54749400084CB1 /* MASViewAttribute.m */; };
		2149B5A01D54749400084CB1 /* MASViewConstraint.m in Sources */ = {isa = PBXBuildFile; fileRef = 2149B52C1D54749400084CB1 /* MASViewConstraint.m */; };
		2149B5A11D54749400084CB1 /* NSArray+MASAdditions.m in Sources */ = {isa = PBXBuildFile; fileRef = 2149B52E1D54749400084CB1 /* NSArray+MASAdditions.m */; };
		2149B5A21D54749400084CB1 /* NSLayoutConstraint+MASDebugAdditions.m in Sources */ = {isa = PBXBuildFile; fileRef = 2149B5311D54749400084CB1 /* NSLayoutConstraint+MASDebugAdditions.m */; };
		2149B5A31D54749400084CB1 /* View+MASAdditions.m in Sources */ = {isa = PBXBuildFile; fileRef = 2149B5331D54749400084CB1 /* View+MASAdditions.m */; };
		2149B5A41D54749400084CB1 /* ViewController+MASAdditions.m in Sources */ = {isa = PBXBuildFile; fileRef = 2149B5361D54749400084CB1 /* ViewController+MASAdditions.m */; };
		2149B5A61D54749400084CB1 /* PickerChoiceView.m in Sources */ = {isa = PBXBuildFile; fileRef = 2149B53A1D54749400084CB1 /* PickerChoiceView.m */; };
		2149B5AB1D54749400084CB1 /* BLEViewController.m in Sources */ = {isa = PBXBuildFile; fileRef = 2149B5461D54749400084CB1 /* BLEViewController.m */; };
		2149B5AC1D54749400084CB1 /* BLEViewController.xib in Resources */ = {isa = PBXBuildFile; fileRef = 2149B5471D54749400084CB1 /* BLEViewController.xib */; };
		2149B5B11D54749400084CB1 /* BLEdataFunc.m in Sources */ = {isa = PBXBuildFile; fileRef = 2149B5521D54749400084CB1 /* BLEdataFunc.m */; };
		2149B5B21D54749400084CB1 /* BLEDevice.m in Sources */ = {isa = PBXBuildFile; fileRef = 2149B5541D54749400084CB1 /* BLEDevice.m */; };
		2149B5B41D54749400084CB1 /* LocalNotifyFunc.m in Sources */ = {isa = PBXBuildFile; fileRef = 2149B5581D54749400084CB1 /* LocalNotifyFunc.m */; };
		2149B5CE1D54749400084CB1 /* NSDate+Datestring.m in Sources */ = {isa = PBXBuildFile; fileRef = 2149B5951D54749400084CB1 /* NSDate+Datestring.m */; };
		2149B5D91D54765300084CB1 /* AppDelegate.m in Sources */ = {isa = PBXBuildFile; fileRef = 2149B5D21D54765300084CB1 /* AppDelegate.m */; };
		2149B5DA1D54765300084CB1 /* Assets.xcassets in Resources */ = {isa = PBXBuildFile; fileRef = 2149B5D31D54765300084CB1 /* Assets.xcassets */; };
		2149B5DC1D54765300084CB1 /* LaunchScreen.storyboard in Resources */ = {isa = PBXBuildFile; fileRef = 2149B5D51D54765300084CB1 /* LaunchScreen.storyboard */; };
		2149B5DD1D54765300084CB1 /* main.m in Sources */ = {isa = PBXBuildFile; fileRef = 2149B5D61D54765300084CB1 /* main.m */; };
		2149B5DE1D54765300084CB1 /* Soundwarning.wav in Resources */ = {isa = PBXBuildFile; fileRef = 2149B5D81D54765300084CB1 /* Soundwarning.wav */; };
		214B95AE1D61963900D7BFDC /* MBProgressHUD.m in Sources */ = {isa = PBXBuildFile; fileRef = 214B95AD1D61963900D7BFDC /* MBProgressHUD.m */; };
		2164F5941D9A076700D26CB8 /* HUDTips.m in Sources */ = {isa = PBXBuildFile; fileRef = 2164F5921D9A076700D26CB8 /* HUDTips.m */; };
		2179D7951E4C56CE00E72311 /* NSTimer+timerBlock.m in Sources */ = {isa = PBXBuildFile; fileRef = 2179D7921E4C56CE00E72311 /* NSTimer+timerBlock.m */; };
		2179D7961E4C56CE00E72311 /* ZZCircleProgress.m in Sources */ = {isa = PBXBuildFile; fileRef = 2179D7941E4C56CE00E72311 /* ZZCircleProgress.m */; };
		21800F731E89083900ECD460 /* OpmodeObject.m in Sources */ = {isa = PBXBuildFile; fileRef = 21800F721E89083900ECD460 /* OpmodeObject.m */; };
		2182FFBD1E8261DB00D8B8AF /* SystemConfiguration.framework in Frameworks */ = {isa = PBXBuildFile; fileRef = 2182FFBC1E8261DB00D8B8AF /* SystemConfiguration.framework */; };
		218479231E83BAEB004E4AA2 /* PacketCommand.m in Sources */ = {isa = PBXBuildFile; fileRef = 218479221E83BAEB004E4AA2 /* PacketCommand.m */; };
		218479291E84F2CB004E4AA2 /* ConfigureVC.m in Sources */ = {isa = PBXBuildFile; fileRef = 218479281E84F2CB004E4AA2 /* ConfigureVC.m */; };
		21AC76201E2368DA00C6E550 /* EspBlufiTests.m in Sources */ = {isa = PBXBuildFile; fileRef = 21AC761F1E2368DA00C6E550 /* EspBlufiTests.m */; };
		21AC76221E2368E800C6E550 /* EspBlufiUITests.m in Sources */ = {isa = PBXBuildFile; fileRef = 21AC76211E2368E800C6E550 /* EspBlufiUITests.m */; };
		21B81C701E961EA00000A7FA /* libcrypto.a in Frameworks */ = {isa = PBXBuildFile; fileRef = 21B81C6E1E961EA00000A7FA /* libcrypto.a */; };
		21B81C711E961EA00000A7FA /* libssl.a in Frameworks */ = {isa = PBXBuildFile; fileRef = 21B81C6F1E961EA00000A7FA /* libssl.a */; };
		2678126221FB0B7600A3B94C /* sendViewController.m in Sources */ = {isa = PBXBuildFile; fileRef = 2678126121FB0B7600A3B94C /* sendViewController.m */; };
/* End PBXBuildFile section */

/* Begin PBXContainerItemProxy section */
		21F4409D1CCB50E6006113AE /* PBXContainerItemProxy */ = {
			isa = PBXContainerItemProxy;
			containerPortal = 21F4407B1CCB50E6006113AE /* Project object */;
			proxyType = 1;
			remoteGlobalIDString = 21F440821CCB50E6006113AE;
			remoteInfo = "益家人";
		};
		21F440A81CCB50E6006113AE /* PBXContainerItemProxy */ = {
			isa = PBXContainerItemProxy;
			containerPortal = 21F4407B1CCB50E6006113AE /* Project object */;
			proxyType = 1;
			remoteGlobalIDString = 21F440821CCB50E6006113AE;
			remoteInfo = "益家人";
		};
/* End PBXContainerItemProxy section */

/* Begin PBXFileReference section */
		2105F5371E8BE0F400492744 /* LICENSE */ = {isa = PBXFileReference; fileEncoding = 4; lastKnownFileType = text; path = LICENSE; sourceTree = "<group>"; };
		2105F58B1E8BE19E00492744 /* aes.h */ = {isa = PBXFileReference; fileEncoding = 4; lastKnownFileType = sourcecode.c.h; path = aes.h; sourceTree = "<group>"; };
		2105F58C1E8BE19E00492744 /* asn1_mac.h */ = {isa = PBXFileReference; fileEncoding = 4; lastKnownFileType = sourcecode.c.h; path = asn1_mac.h; sourceTree = "<group>"; };
		2105F58D1E8BE19E00492744 /* asn1.h */ = {isa = PBXFileReference; fileEncoding = 4; lastKnownFileType = sourcecode.c.h; path = asn1.h; sourceTree = "<group>"; };
		2105F58E1E8BE19E00492744 /* asn1t.h */ = {isa = PBXFileReference; fileEncoding = 4; lastKnownFileType = sourcecode.c.h; path = asn1t.h; sourceTree = "<group>"; };
		2105F58F1E8BE19E00492744 /* bio.h */ = {isa = PBXFileReference; fileEncoding = 4; lastKnownFileType = sourcecode.c.h; path = bio.h; sourceTree = "<group>"; };
		2105F5901E8BE19E00492744 /* blowfish.h */ = {isa = PBXFileReference; fileEncoding = 4; lastKnownFileType = sourcecode.c.h; path = blowfish.h; sourceTree = "<group>"; };
		2105F5911E8BE19E00492744 /* bn.h */ = {isa = PBXFileReference; fileEncoding = 4; lastKnownFileType = sourcecode.c.h; path = bn.h; sourceTree = "<group>"; };
		2105F5921E8BE19E00492744 /* buffer.h */ = {isa = PBXFileReference; fileEncoding = 4; lastKnownFileType = sourcecode.c.h; path = buffer.h; sourceTree = "<group>"; };
		2105F5931E8BE19E00492744 /* camellia.h */ = {isa = PBXFileReference; fileEncoding = 4; lastKnownFileType = sourcecode.c.h; path = camellia.h; sourceTree = "<group>"; };
		2105F5941E8BE19E00492744 /* cast.h */ = {isa = PBXFileReference; fileEncoding = 4; lastKnownFileType = sourcecode.c.h; path = cast.h; sourceTree = "<group>"; };
		2105F5951E8BE19E00492744 /* cmac.h */ = {isa = PBXFileReference; fileEncoding = 4; lastKnownFileType = sourcecode.c.h; path = cmac.h; sourceTree = "<group>"; };
		2105F5961E8BE19E00492744 /* cms.h */ = {isa = PBXFileReference; fileEncoding = 4; lastKnownFileType = sourcecode.c.h; path = cms.h; sourceTree = "<group>"; };
		2105F5971E8BE19E00492744 /* comp.h */ = {isa = PBXFileReference; fileEncoding = 4; lastKnownFileType = sourcecode.c.h; path = comp.h; sourceTree = "<group>"; };
		2105F5981E8BE19E00492744 /* conf_api.h */ = {isa = PBXFileReference; fileEncoding = 4; lastKnownFileType = sourcecode.c.h; path = conf_api.h; sourceTree = "<group>"; };
		2105F5991E8BE19E00492744 /* conf.h */ = {isa = PBXFileReference; fileEncoding = 4; lastKnownFileType = sourcecode.c.h; path = conf.h; sourceTree = "<group>"; };
		2105F59A1E8BE19E00492744 /* crypto.h */ = {isa = PBXFileReference; fileEncoding = 4; lastKnownFileType = sourcecode.c.h; path = crypto.h; sourceTree = "<group>"; };
		2105F59B1E8BE19E00492744 /* des_old.h */ = {isa = PBXFileReference; fileEncoding = 4; lastKnownFileType = sourcecode.c.h; path = des_old.h; sourceTree = "<group>"; };
		2105F59C1E8BE19E00492744 /* des.h */ = {isa = PBXFileReference; fileEncoding = 4; lastKnownFileType = sourcecode.c.h; path = des.h; sourceTree = "<group>"; };
		2105F59D1E8BE19E00492744 /* dh.h */ = {isa = PBXFileReference; fileEncoding = 4; lastKnownFileType = sourcecode.c.h; path = dh.h; sourceTree = "<group>"; };
		2105F59E1E8BE19E00492744 /* dsa.h */ = {isa = PBXFileReference; fileEncoding = 4; lastKnownFileType = sourcecode.c.h; path = dsa.h; sourceTree = "<group>"; };
		2105F59F1E8BE19E00492744 /* dso.h */ = {isa = PBXFileReference; fileEncoding = 4; lastKnownFileType = sourcecode.c.h; path = dso.h; sourceTree = "<group>"; };
		2105F5A01E8BE19E00492744 /* dtls1.h */ = {isa = PBXFileReference; fileEncoding = 4; lastKnownFileType = sourcecode.c.h; path = dtls1.h; sourceTree = "<group>"; };
		2105F5A11E8BE19E00492744 /* e_os2.h */ = {isa = PBXFileReference; fileEncoding = 4; lastKnownFileType = sourcecode.c.h; path = e_os2.h; sourceTree = "<group>"; };
		2105F5A21E8BE19E00492744 /* ebcdic.h */ = {isa = PBXFileReference; fileEncoding = 4; lastKnownFileType = sourcecode.c.h; path = ebcdic.h; sourceTree = "<group>"; };
		2105F5A31E8BE19E00492744 /* ec.h */ = {isa = PBXFileReference; fileEncoding = 4; lastKnownFileType = sourcecode.c.h; path = ec.h; sourceTree = "<group>"; };
		2105F5A41E8BE19E00492744 /* ecdh.h */ = {isa = PBXFileReference; fileEncoding = 4; lastKnownFileType = sourcecode.c.h; path = ecdh.h; sourceTree = "<group>"; };
		2105F5A51E8BE19E00492744 /* ecdsa.h */ = {isa = PBXFileReference; fileEncoding = 4; lastKnownFileType = sourcecode.c.h; path = ecdsa.h; sourceTree = "<group>"; };
		2105F5A61E8BE19E00492744 /* engine.h */ = {isa = PBXFileReference; fileEncoding = 4; lastKnownFileType = sourcecode.c.h; path = engine.h; sourceTree = "<group>"; };
		2105F5A71E8BE19E00492744 /* err.h */ = {isa = PBXFileReference; fileEncoding = 4; lastKnownFileType = sourcecode.c.h; path = err.h; sourceTree = "<group>"; };
		2105F5A81E8BE19E00492744 /* evp.h */ = {isa = PBXFileReference; fileEncoding = 4; lastKnownFileType = sourcecode.c.h; path = evp.h; sourceTree = "<group>"; };
		2105F5A91E8BE19E00492744 /* hmac.h */ = {isa = PBXFileReference; fileEncoding = 4; lastKnownFileType = sourcecode.c.h; path = hmac.h; sourceTree = "<group>"; };
		2105F5AA1E8BE19E00492744 /* idea.h */ = {isa = PBXFileReference; fileEncoding = 4; lastKnownFileType = sourcecode.c.h; path = idea.h; sourceTree = "<group>"; };
		2105F5AB1E8BE19E00492744 /* krb5_asn.h */ = {isa = PBXFileReference; fileEncoding = 4; lastKnownFileType = sourcecode.c.h; path = krb5_asn.h; sourceTree = "<group>"; };
		2105F5AC1E8BE19E00492744 /* kssl.h */ = {isa = PBXFileReference; fileEncoding = 4; lastKnownFileType = sourcecode.c.h; path = kssl.h; sourceTree = "<group>"; };
		2105F5AD1E8BE19E00492744 /* lhash.h */ = {isa = PBXFileReference; fileEncoding = 4; lastKnownFileType = sourcecode.c.h; path = lhash.h; sourceTree = "<group>"; };
		2105F5AE1E8BE19E00492744 /* md4.h */ = {isa = PBXFileReference; fileEncoding = 4; lastKnownFileType = sourcecode.c.h; path = md4.h; sourceTree = "<group>"; };
		2105F5AF1E8BE19E00492744 /* md5.h */ = {isa = PBXFileReference; fileEncoding = 4; lastKnownFileType = sourcecode.c.h; path = md5.h; sourceTree = "<group>"; };
		2105F5B01E8BE19E00492744 /* mdc2.h */ = {isa = PBXFileReference; fileEncoding = 4; lastKnownFileType = sourcecode.c.h; path = mdc2.h; sourceTree = "<group>"; };
		2105F5B11E8BE19E00492744 /* modes.h */ = {isa = PBXFileReference; fileEncoding = 4; lastKnownFileType = sourcecode.c.h; path = modes.h; sourceTree = "<group>"; };
		2105F5B21E8BE19E00492744 /* obj_mac.h */ = {isa = PBXFileReference; fileEncoding = 4; lastKnownFileType = sourcecode.c.h; path = obj_mac.h; sourceTree = "<group>"; };
		2105F5B31E8BE19E00492744 /* objects.h */ = {isa = PBXFileReference; fileEncoding = 4; lastKnownFileType = sourcecode.c.h; path = objects.h; sourceTree = "<group>"; };
		2105F5B41E8BE19E00492744 /* ocsp.h */ = {isa = PBXFileReference; fileEncoding = 4; lastKnownFileType = sourcecode.c.h; path = ocsp.h; sourceTree = "<group>"; };
		2105F5B51E8BE19E00492744 /* opensslconf.h */ = {isa = PBXFileReference; fileEncoding = 4; lastKnownFileType = sourcecode.c.h; path = opensslconf.h; sourceTree = "<group>"; };
		2105F5B61E8BE19E00492744 /* opensslv.h */ = {isa = PBXFileReference; fileEncoding = 4; lastKnownFileType = sourcecode.c.h; path = opensslv.h; sourceTree = "<group>"; };
		2105F5B71E8BE19E00492744 /* ossl_typ.h */ = {isa = PBXFileReference; fileEncoding = 4; lastKnownFileType = sourcecode.c.h; path = ossl_typ.h; sourceTree = "<group>"; };
		2105F5B81E8BE19E00492744 /* pem.h */ = {isa = PBXFileReference; fileEncoding = 4; lastKnownFileType = sourcecode.c.h; path = pem.h; sourceTree = "<group>"; };
		2105F5B91E8BE19E00492744 /* pem2.h */ = {isa = PBXFileReference; fileEncoding = 4; lastKnownFileType = sourcecode.c.h; path = pem2.h; sourceTree = "<group>"; };
		2105F5BA1E8BE19E00492744 /* pkcs7.h */ = {isa = PBXFileReference; fileEncoding = 4; lastKnownFileType = sourcecode.c.h; path = pkcs7.h; sourceTree = "<group>"; };
		2105F5BB1E8BE19E00492744 /* pkcs12.h */ = {isa = PBXFileReference; fileEncoding = 4; lastKnownFileType = sourcecode.c.h; path = pkcs12.h; sourceTree = "<group>"; };
		2105F5BC1E8BE19E00492744 /* pqueue.h */ = {isa = PBXFileReference; fileEncoding = 4; lastKnownFileType = sourcecode.c.h; path = pqueue.h; sourceTree = "<group>"; };
		2105F5BD1E8BE19E00492744 /* rand.h */ = {isa = PBXFileReference; fileEncoding = 4; lastKnownFileType = sourcecode.c.h; path = rand.h; sourceTree = "<group>"; };
		2105F5BE1E8BE19E00492744 /* rc2.h */ = {isa = PBXFileReference; fileEncoding = 4; lastKnownFileType = sourcecode.c.h; path = rc2.h; sourceTree = "<group>"; };
		2105F5BF1E8BE19E00492744 /* rc4.h */ = {isa = PBXFileReference; fileEncoding = 4; lastKnownFileType = sourcecode.c.h; path = rc4.h; sourceTree = "<group>"; };
		2105F5C01E8BE19E00492744 /* ripemd.h */ = {isa = PBXFileReference; fileEncoding = 4; lastKnownFileType = sourcecode.c.h; path = ripemd.h; sourceTree = "<group>"; };
		2105F5C11E8BE19E00492744 /* rsa.h */ = {isa = PBXFileReference; fileEncoding = 4; lastKnownFileType = sourcecode.c.h; path = rsa.h; sourceTree = "<group>"; };
		2105F5C21E8BE19E00492744 /* safestack.h */ = {isa = PBXFileReference; fileEncoding = 4; lastKnownFileType = sourcecode.c.h; path = safestack.h; sourceTree = "<group>"; };
		2105F5C31E8BE19E00492744 /* seed.h */ = {isa = PBXFileReference; fileEncoding = 4; lastKnownFileType = sourcecode.c.h; path = seed.h; sourceTree = "<group>"; };
		2105F5C41E8BE19E00492744 /* sha.h */ = {isa = PBXFileReference; fileEncoding = 4; lastKnownFileType = sourcecode.c.h; path = sha.h; sourceTree = "<group>"; };
		2105F5C51E8BE19E00492744 /* srp.h */ = {isa = PBXFileReference; fileEncoding = 4; lastKnownFileType = sourcecode.c.h; path = srp.h; sourceTree = "<group>"; };
		2105F5C61E8BE19E00492744 /* srtp.h */ = {isa = PBXFileReference; fileEncoding = 4; lastKnownFileType = sourcecode.c.h; path = srtp.h; sourceTree = "<group>"; };
		2105F5C71E8BE19E00492744 /* ssl.h */ = {isa = PBXFileReference; fileEncoding = 4; lastKnownFileType = sourcecode.c.h; path = ssl.h; sourceTree = "<group>"; };
		2105F5C81E8BE19E00492744 /* ssl2.h */ = {isa = PBXFileReference; fileEncoding = 4; lastKnownFileType = sourcecode.c.h; path = ssl2.h; sourceTree = "<group>"; };
		2105F5C91E8BE19E00492744 /* ssl3.h */ = {isa = PBXFileReference; fileEncoding = 4; lastKnownFileType = sourcecode.c.h; path = ssl3.h; sourceTree = "<group>"; };
		2105F5CA1E8BE19E00492744 /* ssl23.h */ = {isa = PBXFileReference; fileEncoding = 4; lastKnownFileType = sourcecode.c.h; path = ssl23.h; sourceTree = "<group>"; };
		2105F5CB1E8BE19E00492744 /* stack.h */ = {isa = PBXFileReference; fileEncoding = 4; lastKnownFileType = sourcecode.c.h; path = stack.h; sourceTree = "<group>"; };
		2105F5CC1E8BE19E00492744 /* symhacks.h */ = {isa = PBXFileReference; fileEncoding = 4; lastKnownFileType = sourcecode.c.h; path = symhacks.h; sourceTree = "<group>"; };
		2105F5CD1E8BE19E00492744 /* tls1.h */ = {isa = PBXFileReference; fileEncoding = 4; lastKnownFileType = sourcecode.c.h; path = tls1.h; sourceTree = "<group>"; };
		2105F5CE1E8BE19E00492744 /* ts.h */ = {isa = PBXFileReference; fileEncoding = 4; lastKnownFileType = sourcecode.c.h; path = ts.h; sourceTree = "<group>"; };
		2105F5CF1E8BE19E00492744 /* txt_db.h */ = {isa = PBXFileReference; fileEncoding = 4; lastKnownFileType = sourcecode.c.h; path = txt_db.h; sourceTree = "<group>"; };
		2105F5D01E8BE19E00492744 /* ui_compat.h */ = {isa = PBXFileReference; fileEncoding = 4; lastKnownFileType = sourcecode.c.h; path = ui_compat.h; sourceTree = "<group>"; };
		2105F5D11E8BE19E00492744 /* ui.h */ = {isa = PBXFileReference; fileEncoding = 4; lastKnownFileType = sourcecode.c.h; path = ui.h; sourceTree = "<group>"; };
		2105F5D21E8BE19E00492744 /* whrlpool.h */ = {isa = PBXFileReference; fileEncoding = 4; lastKnownFileType = sourcecode.c.h; path = whrlpool.h; sourceTree = "<group>"; };
		2105F5D31E8BE19E00492744 /* x509_vfy.h */ = {isa = PBXFileReference; fileEncoding = 4; lastKnownFileType = sourcecode.c.h; path = x509_vfy.h; sourceTree = "<group>"; };
		2105F5D41E8BE19E00492744 /* x509.h */ = {isa = PBXFileReference; fileEncoding = 4; lastKnownFileType = sourcecode.c.h; path = x509.h; sourceTree = "<group>"; };
		2105F5D51E8BE19E00492744 /* x509v3.h */ = {isa = PBXFileReference; fileEncoding = 4; lastKnownFileType = sourcecode.c.h; path = x509v3.h; sourceTree = "<group>"; };
		2105F5D81E8CFC0100492744 /* RSAObject.h */ = {isa = PBXFileReference; fileEncoding = 4; lastKnownFileType = sourcecode.c.h; name = RSAObject.h; path = Main/MainView/BLE/Modal/RSAObject.h; sourceTree = "<group>"; };
		2105F5D91E8CFC0100492744 /* RSAObject.m */ = {isa = PBXFileReference; fileEncoding = 4; lastKnownFileType = sourcecode.c.objc; name = RSAObject.m; path = Main/MainView/BLE/Modal/RSAObject.m; sourceTree = "<group>"; };
		2105F5DE1E8FC21C00492744 /* DH_AES.h */ = {isa = PBXFileReference; fileEncoding = 4; lastKnownFileType = sourcecode.c.h; name = DH_AES.h; path = Main/MainView/BLE/Controller/DH_AES.h; sourceTree = "<group>"; };
		2105F5DF1E8FC21C00492744 /* DH_AES.m */ = {isa = PBXFileReference; fileEncoding = 4; lastKnownFileType = sourcecode.c.objc; name = DH_AES.m; path = Main/MainView/BLE/Controller/DH_AES.m; sourceTree = "<group>"; };
		2115829F1E24ECF600640615 /* PopView.h */ = {isa = PBXFileReference; fileEncoding = 4; lastKnownFileType = sourcecode.c.h; path = PopView.h; sourceTree = "<group>"; };
		211582A01E24ECF600640615 /* PopView.m */ = {isa = PBXFileReference; fileEncoding = 4; lastKnownFileType = sourcecode.c.objc; path = PopView.m; sourceTree = "<group>"; };
		211582A11E24ECF600640615 /* PopView.xib */ = {isa = PBXFileReference; fileEncoding = 4; lastKnownFileType = file.xib; path = PopView.xib; sourceTree = "<group>"; };
		212E85E11E8237060084451A /* UIColor+Hex.h */ = {isa = PBXFileReference; fileEncoding = 4; lastKnownFileType = sourcecode.c.h; path = "UIColor+Hex.h"; sourceTree = "<group>"; };
		212E85E21E8237060084451A /* UIColor+Hex.m */ = {isa = PBXFileReference; fileEncoding = 4; lastKnownFileType = sourcecode.c.objc; path = "UIColor+Hex.m"; sourceTree = "<group>"; };
		213BB0581D111EA40013FC9B /* en */ = {isa = PBXFileReference; lastKnownFileType = text.plist.strings; name = en; path = en.lproj/Localizable.strings; sourceTree = "<group>"; };
		213BB05A1D111EB50013FC9B /* zh-Hans */ = {isa = PBXFileReference; lastKnownFileType = text.plist.strings; name = "zh-Hans"; path = "zh-Hans.lproj/Localizable.strings"; sourceTree = "<group>"; };
		213E2E6D1D6C2E5600CF64BD /* STLoopProgressView+BaseConfiguration.h */ = {isa = PBXFileReference; fileEncoding = 4; lastKnownFileType = sourcecode.c.h; path = "STLoopProgressView+BaseConfiguration.h"; sourceTree = "<group>"; };
		213E2E6E1D6C2E5600CF64BD /* STLoopProgressView+BaseConfiguration.m */ = {isa = PBXFileReference; fileEncoding = 4; lastKnownFileType = sourcecode.c.objc; path = "STLoopProgressView+BaseConfiguration.m"; sourceTree = "<group>"; };
		213E2E6F1D6C2E5600CF64BD /* STLoopProgressView.h */ = {isa = PBXFileReference; fileEncoding = 4; lastKnownFileType = sourcecode.c.h; path = STLoopProgressView.h; sourceTree = "<group>"; };
		213E2E701D6C2E5600CF64BD /* STLoopProgressView.m */ = {isa = PBXFileReference; fileEncoding = 4; lastKnownFileType = sourcecode.c.objc; path = STLoopProgressView.m; sourceTree = "<group>"; };
		214156721D5C0BD800780320 /* Info.plist */ = {isa = PBXFileReference; lastKnownFileType = text.plist.xml; name = Info.plist; path = EspBlufi/Info.plist; sourceTree = SOURCE_ROOT; };
		2148563F1DBDAB830072D48E /* libz.tbd */ = {isa = PBXFileReference; lastKnownFileType = "sourcecode.text-based-dylib-definition"; name = libz.tbd; path = usr/lib/libz.tbd; sourceTree = SDKROOT; };
		214856411DBDAB920072D48E /* libicucore.tbd */ = {isa = PBXFileReference; lastKnownFileType = "sourcecode.text-based-dylib-definition"; name = libicucore.tbd; path = usr/lib/libicucore.tbd; sourceTree = SDKROOT; };
		214856431DBDABA20072D48E /* libstdc++.tbd */ = {isa = PBXFileReference; lastKnownFileType = "sourcecode.text-based-dylib-definition"; name = "libstdc++.tbd"; path = "usr/lib/libstdc++.tbd"; sourceTree = SDKROOT; };
		214856451DBDABAF0072D48E /* JavaScriptCore.framework */ = {isa = PBXFileReference; lastKnownFileType = wrapper.framework; name = JavaScriptCore.framework; path = System/Library/Frameworks/JavaScriptCore.framework; sourceTree = SDKROOT; };
		214856471DBDABC70072D48E /* libsqlite3.tbd */ = {isa = PBXFileReference; lastKnownFileType = "sourcecode.text-based-dylib-definition"; name = libsqlite3.tbd; path = usr/lib/libsqlite3.tbd; sourceTree = SDKROOT; };
		214856491DBDABD50072D48E /* MessageUI.framework */ = {isa = PBXFileReference; lastKnownFileType = wrapper.framework; name = MessageUI.framework; path = System/Library/Frameworks/MessageUI.framework; sourceTree = SDKROOT; };
		2149B4DE1D546DD800084CB1 /* BabyBluetooth.h */ = {isa = PBXFileReference; fileEncoding = 4; lastKnownFileType = sourcecode.c.h; path = BabyBluetooth.h; sourceTree = "<group>"; };
		2149B4DF1D546DD800084CB1 /* BabyBluetooth.m */ = {isa = PBXFileReference; fileEncoding = 4; lastKnownFileType = sourcecode.c.objc; path = BabyBluetooth.m; sourceTree = "<group>"; };
		2149B4E01D546DD800084CB1 /* BabyCallback.h */ = {isa = PBXFileReference; fileEncoding = 4; lastKnownFileType = sourcecode.c.h; path = BabyCallback.h; sourceTree = "<group>"; };
		2149B4E11D546DD800084CB1 /* BabyCallback.m */ = {isa = PBXFileReference; fileEncoding = 4; lastKnownFileType = sourcecode.c.objc; path = BabyCallback.m; sourceTree = "<group>"; };
		2149B4E21D546DD800084CB1 /* BabyCentralManager.h */ = {isa = PBXFileReference; fileEncoding = 4; lastKnownFileType = sourcecode.c.h; path = BabyCentralManager.h; sourceTree = "<group>"; };
		2149B4E31D546DD800084CB1 /* BabyCentralManager.m */ = {isa = PBXFileReference; fileEncoding = 4; lastKnownFileType = sourcecode.c.objc; path = BabyCentralManager.m; sourceTree = "<group>"; };
		2149B4E41D546DD800084CB1 /* BabyOptions.h */ = {isa = PBXFileReference; fileEncoding = 4; lastKnownFileType = sourcecode.c.h; path = BabyOptions.h; sourceTree = "<group>"; };
		2149B4E51D546DD800084CB1 /* BabyOptions.m */ = {isa = PBXFileReference; fileEncoding = 4; lastKnownFileType = sourcecode.c.objc; path = BabyOptions.m; sourceTree = "<group>"; };
		2149B4E61D546DD800084CB1 /* BabyPeripheralManager.h */ = {isa = PBXFileReference; fileEncoding = 4; lastKnownFileType = sourcecode.c.h; path = BabyPeripheralManager.h; sourceTree = "<group>"; };
		2149B4E71D546DD800084CB1 /* BabyPeripheralManager.m */ = {isa = PBXFileReference; fileEncoding = 4; lastKnownFileType = sourcecode.c.objc; path = BabyPeripheralManager.m; sourceTree = "<group>"; };
		2149B4E81D546DD800084CB1 /* BabyRhythm.h */ = {isa = PBXFileReference; fileEncoding = 4; lastKnownFileType = sourcecode.c.h; path = BabyRhythm.h; sourceTree = "<group>"; };
		2149B4E91D546DD800084CB1 /* BabyRhythm.m */ = {isa = PBXFileReference; fileEncoding = 4; lastKnownFileType = sourcecode.c.objc; path = BabyRhythm.m; sourceTree = "<group>"; };
		2149B4EA1D546DD800084CB1 /* BabySpeaker.h */ = {isa = PBXFileReference; fileEncoding = 4; lastKnownFileType = sourcecode.c.h; path = BabySpeaker.h; sourceTree = "<group>"; };
		2149B4EB1D546DD800084CB1 /* BabySpeaker.m */ = {isa = PBXFileReference; fileEncoding = 4; lastKnownFileType = sourcecode.c.objc; path = BabySpeaker.m; sourceTree = "<group>"; };
		2149B4EC1D546DD800084CB1 /* BabyToy.h */ = {isa = PBXFileReference; fileEncoding = 4; lastKnownFileType = sourcecode.c.h; path = BabyToy.h; sourceTree = "<group>"; };
		2149B4ED1D546DD800084CB1 /* BabyToy.m */ = {isa = PBXFileReference; fileEncoding = 4; lastKnownFileType = sourcecode.c.objc; path = BabyToy.m; sourceTree = "<group>"; };
		2149B4EE1D546DD800084CB1 /* UUID.h */ = {isa = PBXFileReference; fileEncoding = 4; lastKnownFileType = sourcecode.c.h; name = UUID.h; path = ../../../../BLELib/UUID.h; sourceTree = "<group>"; };
		2149B51E1D54749400084CB1 /* MASCompositeConstraint.h */ = {isa = PBXFileReference; fileEncoding = 4; lastKnownFileType = sourcecode.c.h; path = MASCompositeConstraint.h; sourceTree = "<group>"; };
		2149B51F1D54749400084CB1 /* MASCompositeConstraint.m */ = {isa = PBXFileReference; fileEncoding = 4; lastKnownFileType = sourcecode.c.objc; path = MASCompositeConstraint.m; sourceTree = "<group>"; };
		2149B5201D54749400084CB1 /* MASConstraint+Private.h */ = {isa = PBXFileReference; fileEncoding = 4; lastKnownFileType = sourcecode.c.h; path = "MASConstraint+Private.h"; sourceTree = "<group>"; };
		2149B5211D54749400084CB1 /* MASConstraint.h */ = {isa = PBXFileReference; fileEncoding = 4; lastKnownFileType = sourcecode.c.h; path = MASConstraint.h; sourceTree = "<group>"; };
		2149B5221D54749400084CB1 /* MASConstraint.m */ = {isa = PBXFileReference; fileEncoding = 4; lastKnownFileType = sourcecode.c.objc; path = MASConstraint.m; sourceTree = "<group>"; };
		2149B5231D54749400084CB1 /* MASConstraintMaker.h */ = {isa = PBXFileReference; fileEncoding = 4; lastKnownFileType = sourcecode.c.h; path = MASConstraintMaker.h; sourceTree = "<group>"; };
		2149B5241D54749400084CB1 /* MASConstraintMaker.m */ = {isa = PBXFileReference; fileEncoding = 4; lastKnownFileType = sourcecode.c.objc; path = MASConstraintMaker.m; sourceTree = "<group>"; };
		2149B5251D54749400084CB1 /* MASLayoutConstraint.h */ = {isa = PBXFileReference; fileEncoding = 4; lastKnownFileType = sourcecode.c.h; path = MASLayoutConstraint.h; sourceTree = "<group>"; };
		2149B5261D54749400084CB1 /* MASLayoutConstraint.m */ = {isa = PBXFileReference; fileEncoding = 4; lastKnownFileType = sourcecode.c.objc; path = MASLayoutConstraint.m; sourceTree = "<group>"; };
		2149B5271D54749400084CB1 /* Masonry.h */ = {isa = PBXFileReference; fileEncoding = 4; lastKnownFileType = sourcecode.c.h; path = Masonry.h; sourceTree = "<group>"; };
		2149B5281D54749400084CB1 /* MASUtilities.h */ = {isa = PBXFileReference; fileEncoding = 4; lastKnownFileType = sourcecode.c.h; path = MASUtilities.h; sourceTree = "<group>"; };
		2149B5291D54749400084CB1 /* MASViewAttribute.h */ = {isa = PBXFileReference; fileEncoding = 4; lastKnownFileType = sourcecode.c.h; path = MASViewAttribute.h; sourceTree = "<group>"; };
		2149B52A1D54749400084CB1 /* MASViewAttribute.m */ = {isa = PBXFileReference; fileEncoding = 4; lastKnownFileType = sourcecode.c.objc; path = MASViewAttribute.m; sourceTree = "<group>"; };
		2149B52B1D54749400084CB1 /* MASViewConstraint.h */ = {isa = PBXFileReference; fileEncoding = 4; lastKnownFileType = sourcecode.c.h; path = MASViewConstraint.h; sourceTree = "<group>"; };
		2149B52C1D54749400084CB1 /* MASViewConstraint.m */ = {isa = PBXFileReference; fileEncoding = 4; lastKnownFileType = sourcecode.c.objc; path = MASViewConstraint.m; sourceTree = "<group>"; };
		2149B52D1D54749400084CB1 /* NSArray+MASAdditions.h */ = {isa = PBXFileReference; fileEncoding = 4; lastKnownFileType = sourcecode.c.h; path = "NSArray+MASAdditions.h"; sourceTree = "<group>"; };
		2149B52E1D54749400084CB1 /* NSArray+MASAdditions.m */ = {isa = PBXFileReference; fileEncoding = 4; lastKnownFileType = sourcecode.c.objc; path = "NSArray+MASAdditions.m"; sourceTree = "<group>"; };
		2149B52F1D54749400084CB1 /* NSArray+MASShorthandAdditions.h */ = {isa = PBXFileReference; fileEncoding = 4; lastKnownFileType = sourcecode.c.h; path = "NSArray+MASShorthandAdditions.h"; sourceTree = "<group>"; };
		2149B5301D54749400084CB1 /* NSLayoutConstraint+MASDebugAdditions.h */ = {isa = PBXFileReference; fileEncoding = 4; lastKnownFileType = sourcecode.c.h; path = "NSLayoutConstraint+MASDebugAdditions.h"; sourceTree = "<group>"; };
		2149B5311D54749400084CB1 /* NSLayoutConstraint+MASDebugAdditions.m */ = {isa = PBXFileReference; fileEncoding = 4; lastKnownFileType = sourcecode.c.objc; path = "NSLayoutConstraint+MASDebugAdditions.m"; sourceTree = "<group>"; };
		2149B5321D54749400084CB1 /* View+MASAdditions.h */ = {isa = PBXFileReference; fileEncoding = 4; lastKnownFileType = sourcecode.c.h; path = "View+MASAdditions.h"; sourceTree = "<group>"; };
		2149B5331D54749400084CB1 /* View+MASAdditions.m */ = {isa = PBXFileReference; fileEncoding = 4; lastKnownFileType = sourcecode.c.objc; path = "View+MASAdditions.m"; sourceTree = "<group>"; };
		2149B5341D54749400084CB1 /* View+MASShorthandAdditions.h */ = {isa = PBXFileReference; fileEncoding = 4; lastKnownFileType = sourcecode.c.h; path = "View+MASShorthandAdditions.h"; sourceTree = "<group>"; };
		2149B5351D54749400084CB1 /* ViewController+MASAdditions.h */ = {isa = PBXFileReference; fileEncoding = 4; lastKnownFileType = sourcecode.c.h; path = "ViewController+MASAdditions.h"; sourceTree = "<group>"; };
		2149B5361D54749400084CB1 /* ViewController+MASAdditions.m */ = {isa = PBXFileReference; fileEncoding = 4; lastKnownFileType = sourcecode.c.objc; path = "ViewController+MASAdditions.m"; sourceTree = "<group>"; };
		2149B5391D54749400084CB1 /* PickerChoiceView.h */ = {isa = PBXFileReference; fileEncoding = 4; lastKnownFileType = sourcecode.c.h; name = PickerChoiceView.h; path = ../PickerChoiceView.h; sourceTree = "<group>"; };
		2149B53A1D54749400084CB1 /* PickerChoiceView.m */ = {isa = PBXFileReference; fileEncoding = 4; lastKnownFileType = sourcecode.c.objc; name = PickerChoiceView.m; path = ../PickerChoiceView.m; sourceTree = "<group>"; };
		2149B5451D54749400084CB1 /* BLEViewController.h */ = {isa = PBXFileReference; fileEncoding = 4; lastKnownFileType = sourcecode.c.h; path = BLEViewController.h; sourceTree = "<group>"; };
		2149B5461D54749400084CB1 /* BLEViewController.m */ = {isa = PBXFileReference; fileEncoding = 4; lastKnownFileType = sourcecode.c.objc; path = BLEViewController.m; sourceTree = "<group>"; };
		2149B5471D54749400084CB1 /* BLEViewController.xib */ = {isa = PBXFileReference; fileEncoding = 4; lastKnownFileType = file.xib; path = BLEViewController.xib; sourceTree = "<group>"; };
		2149B5511D54749400084CB1 /* BLEdataFunc.h */ = {isa = PBXFileReference; fileEncoding = 4; lastKnownFileType = sourcecode.c.h; path = BLEdataFunc.h; sourceTree = "<group>"; };
		2149B5521D54749400084CB1 /* BLEdataFunc.m */ = {isa = PBXFileReference; fileEncoding = 4; lastKnownFileType = sourcecode.c.objc; path = BLEdataFunc.m; sourceTree = "<group>"; };
		2149B5531D54749400084CB1 /* BLEDevice.h */ = {isa = PBXFileReference; fileEncoding = 4; lastKnownFileType = sourcecode.c.h; path = BLEDevice.h; sourceTree = "<group>"; };
		2149B5541D54749400084CB1 /* BLEDevice.m */ = {isa = PBXFileReference; fileEncoding = 4; lastKnownFileType = sourcecode.c.objc; path = BLEDevice.m; sourceTree = "<group>"; };
		2149B5571D54749400084CB1 /* LocalNotifyFunc.h */ = {isa = PBXFileReference; fileEncoding = 4; lastKnownFileType = sourcecode.c.h; path = LocalNotifyFunc.h; sourceTree = "<group>"; };
		2149B5581D54749400084CB1 /* LocalNotifyFunc.m */ = {isa = PBXFileReference; fileEncoding = 4; lastKnownFileType = sourcecode.c.objc; path = LocalNotifyFunc.m; sourceTree = "<group>"; };
		2149B5941D54749400084CB1 /* NSDate+Datestring.h */ = {isa = PBXFileReference; fileEncoding = 4; lastKnownFileType = sourcecode.c.h; path = "NSDate+Datestring.h"; sourceTree = "<group>"; };
		2149B5951D54749400084CB1 /* NSDate+Datestring.m */ = {isa = PBXFileReference; fileEncoding = 4; lastKnownFileType = sourcecode.c.objc; path = "NSDate+Datestring.m"; sourceTree = "<group>"; };
		2149B5D11D54765300084CB1 /* AppDelegate.h */ = {isa = PBXFileReference; fileEncoding = 4; lastKnownFileType = sourcecode.c.h; path = AppDelegate.h; sourceTree = "<group>"; };
		2149B5D21D54765300084CB1 /* AppDelegate.m */ = {isa = PBXFileReference; fileEncoding = 4; lastKnownFileType = sourcecode.c.objc; path = AppDelegate.m; sourceTree = "<group>"; };
		2149B5D31D54765300084CB1 /* Assets.xcassets */ = {isa = PBXFileReference; lastKnownFileType = folder.assetcatalog; path = Assets.xcassets; sourceTree = "<group>"; };
		2149B5D51D54765300084CB1 /* LaunchScreen.storyboard */ = {isa = PBXFileReference; fileEncoding = 4; lastKnownFileType = file.storyboard; path = LaunchScreen.storyboard; sourceTree = "<group>"; };
		2149B5D61D54765300084CB1 /* main.m */ = {isa = PBXFileReference; fileEncoding = 4; lastKnownFileType = sourcecode.c.objc; path = main.m; sourceTree = "<group>"; };
		2149B5D71D54765300084CB1 /* Prefix.pch */ = {isa = PBXFileReference; fileEncoding = 4; lastKnownFileType = sourcecode.c.h; path = Prefix.pch; sourceTree = "<group>"; };
		2149B5D81D54765300084CB1 /* Soundwarning.wav */ = {isa = PBXFileReference; lastKnownFileType = audio.wav; path = Soundwarning.wav; sourceTree = "<group>"; };
		214B95AC1D61963900D7BFDC /* MBProgressHUD.h */ = {isa = PBXFileReference; fileEncoding = 4; lastKnownFileType = sourcecode.c.h; path = MBProgressHUD.h; sourceTree = "<group>"; };
		214B95AD1D61963900D7BFDC /* MBProgressHUD.m */ = {isa = PBXFileReference; fileEncoding = 4; lastKnownFileType = sourcecode.c.objc; path = MBProgressHUD.m; sourceTree = "<group>"; };
		2164F5921D9A076700D26CB8 /* HUDTips.m */ = {isa = PBXFileReference; fileEncoding = 4; lastKnownFileType = sourcecode.c.objc; path = HUDTips.m; sourceTree = "<group>"; };
		2164F5931D9A076700D26CB8 /* HUDTips.h */ = {isa = PBXFileReference; fileEncoding = 4; lastKnownFileType = sourcecode.c.h; path = HUDTips.h; sourceTree = "<group>"; };
		2179D7911E4C56CE00E72311 /* NSTimer+timerBlock.h */ = {isa = PBXFileReference; fileEncoding = 4; lastKnownFileType = sourcecode.c.h; path = "NSTimer+timerBlock.h"; sourceTree = "<group>"; };
		2179D7921E4C56CE00E72311 /* NSTimer+timerBlock.m */ = {isa = PBXFileReference; fileEncoding = 4; lastKnownFileType = sourcecode.c.objc; path = "NSTimer+timerBlock.m"; sourceTree = "<group>"; };
		2179D7931E4C56CE00E72311 /* ZZCircleProgress.h */ = {isa = PBXFileReference; fileEncoding = 4; lastKnownFileType = sourcecode.c.h; path = ZZCircleProgress.h; sourceTree = "<group>"; };
		2179D7941E4C56CE00E72311 /* ZZCircleProgress.m */ = {isa = PBXFileReference; fileEncoding = 4; lastKnownFileType = sourcecode.c.objc; path = ZZCircleProgress.m; sourceTree = "<group>"; };
		21800F711E89083900ECD460 /* OpmodeObject.h */ = {isa = PBXFileReference; fileEncoding = 4; lastKnownFileType = sourcecode.c.h; path = OpmodeObject.h; sourceTree = "<group>"; };
		21800F721E89083900ECD460 /* OpmodeObject.m */ = {isa = PBXFileReference; fileEncoding = 4; lastKnownFileType = sourcecode.c.objc; path = OpmodeObject.m; sourceTree = "<group>"; };
		2182FFBC1E8261DB00D8B8AF /* SystemConfiguration.framework */ = {isa = PBXFileReference; lastKnownFileType = wrapper.framework; name = SystemConfiguration.framework; path = System/Library/Frameworks/SystemConfiguration.framework; sourceTree = SDKROOT; };
		218479211E83BAEB004E4AA2 /* PacketCommand.h */ = {isa = PBXFileReference; fileEncoding = 4; lastKnownFileType = sourcecode.c.h; name = PacketCommand.h; path = Main/MainView/BLE/Controller/PacketCommand.h; sourceTree = "<group>"; };
		218479221E83BAEB004E4AA2 /* PacketCommand.m */ = {isa = PBXFileReference; fileEncoding = 4; lastKnownFileType = sourcecode.c.objc; name = PacketCommand.m; path = Main/MainView/BLE/Controller/PacketCommand.m; sourceTree = "<group>"; };
		218479271E84F2CB004E4AA2 /* ConfigureVC.h */ = {isa = PBXFileReference; fileEncoding = 4; lastKnownFileType = sourcecode.c.h; path = ConfigureVC.h; sourceTree = "<group>"; };
		218479281E84F2CB004E4AA2 /* ConfigureVC.m */ = {isa = PBXFileReference; fileEncoding = 4; lastKnownFileType = sourcecode.c.objc; path = ConfigureVC.m; sourceTree = "<group>"; };
		21AC761F1E2368DA00C6E550 /* EspBlufiTests.m */ = {isa = PBXFileReference; fileEncoding = 4; lastKnownFileType = sourcecode.c.objc; path = EspBlufiTests.m; sourceTree = "<group>"; };
		21AC76211E2368E800C6E550 /* EspBlufiUITests.m */ = {isa = PBXFileReference; fileEncoding = 4; lastKnownFileType = sourcecode.c.objc; path = EspBlufiUITests.m; sourceTree = "<group>"; };
		21B81C6E1E961EA00000A7FA /* libcrypto.a */ = {isa = PBXFileReference; lastKnownFileType = archive.ar; path = libcrypto.a; sourceTree = "<group>"; };
		21B81C6F1E961EA00000A7FA /* libssl.a */ = {isa = PBXFileReference; lastKnownFileType = archive.ar; path = libssl.a; sourceTree = "<group>"; };
		21F440831CCB50E6006113AE /* EspBlufi.app */ = {isa = PBXFileReference; explicitFileType = wrapper.application; includeInIndex = 0; path = EspBlufi.app; sourceTree = BUILT_PRODUCTS_DIR; };
		21F4409C1CCB50E6006113AE /* EspBlufi.xctest */ = {isa = PBXFileReference; explicitFileType = wrapper.cfbundle; includeInIndex = 0; path = EspBlufi.xctest; sourceTree = BUILT_PRODUCTS_DIR; };
		21F440A21CCB50E6006113AE /* Info.plist */ = {isa = PBXFileReference; lastKnownFileType = text.plist.xml; path = Info.plist; sourceTree = "<group>"; };
		21F440A71CCB50E6006113AE /* EspBlufi.xctest */ = {isa = PBXFileReference; explicitFileType = wrapper.cfbundle; includeInIndex = 0; path = EspBlufi.xctest; sourceTree = BUILT_PRODUCTS_DIR; };
		21F440AD1CCB50E6006113AE /* Info.plist */ = {isa = PBXFileReference; lastKnownFileType = text.plist.xml; path = Info.plist; sourceTree = "<group>"; };
		2678126021FB0B7600A3B94C /* sendViewController.h */ = {isa = PBXFileReference; fileEncoding = 4; lastKnownFileType = sourcecode.c.h; path = sendViewController.h; sourceTree = "<group>"; };
		2678126121FB0B7600A3B94C /* sendViewController.m */ = {isa = PBXFileReference; fileEncoding = 4; lastKnownFileType = sourcecode.c.objc; path = sendViewController.m; sourceTree = "<group>"; };
		269D6D3E225C368900A5C23D /* EspBlufi.entitlements */ = {isa = PBXFileReference; lastKnownFileType = text.plist.entitlements; path = EspBlufi.entitlements; sourceTree = "<group>"; };
/* End PBXFileReference section */

/* Begin PBXFrameworksBuildPhase section */
		21F440801CCB50E6006113AE /* Frameworks */ = {
			isa = PBXFrameworksBuildPhase;
			buildActionMask = 2147483647;
			files = (
				2182FFBD1E8261DB00D8B8AF /* SystemConfiguration.framework in Frameworks */,
				21B81C711E961EA00000A7FA /* libssl.a in Frameworks */,
				21B81C701E961EA00000A7FA /* libcrypto.a in Frameworks */,
			);
			runOnlyForDeploymentPostprocessing = 0;
		};
		21F440991CCB50E6006113AE /* Frameworks */ = {
			isa = PBXFrameworksBuildPhase;
			buildActionMask = 2147483647;
			files = (
			);
			runOnlyForDeploymentPostprocessing = 0;
		};
		21F440A41CCB50E6006113AE /* Frameworks */ = {
			isa = PBXFrameworksBuildPhase;
			buildActionMask = 2147483647;
			files = (
			);
			runOnlyForDeploymentPostprocessing = 0;
		};
/* End PBXFrameworksBuildPhase section */

/* Begin PBXGroup section */
		2105F5341E8BE0F400492744 /* openssl */ = {
			isa = PBXGroup;
			children = (
				2105F5351E8BE0F400492744 /* openssl */,
			);
			path = openssl;
			sourceTree = "<group>";
		};
		2105F5351E8BE0F400492744 /* openssl */ = {
			isa = PBXGroup;
			children = (
				21B81C6E1E961EA00000A7FA /* libcrypto.a */,
				21B81C6F1E961EA00000A7FA /* libssl.a */,
				2105F5361E8BE0F400492744 /* include */,
			);
			path = openssl;
			sourceTree = "<group>";
		};
		2105F5361E8BE0F400492744 /* include */ = {
			isa = PBXGroup;
			children = (
				2105F5371E8BE0F400492744 /* LICENSE */,
				2105F5381E8BE0F400492744 /* openssl */,
			);
			path = include;
			sourceTree = "<group>";
		};
		2105F5381E8BE0F400492744 /* openssl */ = {
			isa = PBXGroup;
			children = (
				2105F58B1E8BE19E00492744 /* aes.h */,
				2105F58C1E8BE19E00492744 /* asn1_mac.h */,
				2105F58D1E8BE19E00492744 /* asn1.h */,
				2105F58E1E8BE19E00492744 /* asn1t.h */,
				2105F58F1E8BE19E00492744 /* bio.h */,
				2105F5901E8BE19E00492744 /* blowfish.h */,
				2105F5911E8BE19E00492744 /* bn.h */,
				2105F5921E8BE19E00492744 /* buffer.h */,
				2105F5931E8BE19E00492744 /* camellia.h */,
				2105F5941E8BE19E00492744 /* cast.h */,
				2105F5951E8BE19E00492744 /* cmac.h */,
				2105F5961E8BE19E00492744 /* cms.h */,
				2105F5971E8BE19E00492744 /* comp.h */,
				2105F5981E8BE19E00492744 /* conf_api.h */,
				2105F5991E8BE19E00492744 /* conf.h */,
				2105F59A1E8BE19E00492744 /* crypto.h */,
				2105F59B1E8BE19E00492744 /* des_old.h */,
				2105F59C1E8BE19E00492744 /* des.h */,
				2105F59D1E8BE19E00492744 /* dh.h */,
				2105F59E1E8BE19E00492744 /* dsa.h */,
				2105F59F1E8BE19E00492744 /* dso.h */,
				2105F5A01E8BE19E00492744 /* dtls1.h */,
				2105F5A11E8BE19E00492744 /* e_os2.h */,
				2105F5A21E8BE19E00492744 /* ebcdic.h */,
				2105F5A31E8BE19E00492744 /* ec.h */,
				2105F5A41E8BE19E00492744 /* ecdh.h */,
				2105F5A51E8BE19E00492744 /* ecdsa.h */,
				2105F5A61E8BE19E00492744 /* engine.h */,
				2105F5A71E8BE19E00492744 /* err.h */,
				2105F5A81E8BE19E00492744 /* evp.h */,
				2105F5A91E8BE19E00492744 /* hmac.h */,
				2105F5AA1E8BE19E00492744 /* idea.h */,
				2105F5AB1E8BE19E00492744 /* krb5_asn.h */,
				2105F5AC1E8BE19E00492744 /* kssl.h */,
				2105F5AD1E8BE19E00492744 /* lhash.h */,
				2105F5AE1E8BE19E00492744 /* md4.h */,
				2105F5AF1E8BE19E00492744 /* md5.h */,
				2105F5B01E8BE19E00492744 /* mdc2.h */,
				2105F5B11E8BE19E00492744 /* modes.h */,
				2105F5B21E8BE19E00492744 /* obj_mac.h */,
				2105F5B31E8BE19E00492744 /* objects.h */,
				2105F5B41E8BE19E00492744 /* ocsp.h */,
				2105F5B51E8BE19E00492744 /* opensslconf.h */,
				2105F5B61E8BE19E00492744 /* opensslv.h */,
				2105F5B71E8BE19E00492744 /* ossl_typ.h */,
				2105F5B81E8BE19E00492744 /* pem.h */,
				2105F5B91E8BE19E00492744 /* pem2.h */,
				2105F5BA1E8BE19E00492744 /* pkcs7.h */,
				2105F5BB1E8BE19E00492744 /* pkcs12.h */,
				2105F5BC1E8BE19E00492744 /* pqueue.h */,
				2105F5BD1E8BE19E00492744 /* rand.h */,
				2105F5BE1E8BE19E00492744 /* rc2.h */,
				2105F5BF1E8BE19E00492744 /* rc4.h */,
				2105F5C01E8BE19E00492744 /* ripemd.h */,
				2105F5C11E8BE19E00492744 /* rsa.h */,
				2105F5C21E8BE19E00492744 /* safestack.h */,
				2105F5C31E8BE19E00492744 /* seed.h */,
				2105F5C41E8BE19E00492744 /* sha.h */,
				2105F5C51E8BE19E00492744 /* srp.h */,
				2105F5C61E8BE19E00492744 /* srtp.h */,
				2105F5C71E8BE19E00492744 /* ssl.h */,
				2105F5C81E8BE19E00492744 /* ssl2.h */,
				2105F5C91E8BE19E00492744 /* ssl3.h */,
				2105F5CA1E8BE19E00492744 /* ssl23.h */,
				2105F5CB1E8BE19E00492744 /* stack.h */,
				2105F5CC1E8BE19E00492744 /* symhacks.h */,
				2105F5CD1E8BE19E00492744 /* tls1.h */,
				2105F5CE1E8BE19E00492744 /* ts.h */,
				2105F5CF1E8BE19E00492744 /* txt_db.h */,
				2105F5D01E8BE19E00492744 /* ui_compat.h */,
				2105F5D11E8BE19E00492744 /* ui.h */,
				2105F5D21E8BE19E00492744 /* whrlpool.h */,
				2105F5D31E8BE19E00492744 /* x509_vfy.h */,
				2105F5D41E8BE19E00492744 /* x509.h */,
				2105F5D51E8BE19E00492744 /* x509v3.h */,
			);
			path = openssl;
			sourceTree = "<group>";
		};
		2115829C1E24ECF600640615 /* Scanview */ = {
			isa = PBXGroup;
			children = (
				2115829F1E24ECF600640615 /* PopView.h */,
				211582A01E24ECF600640615 /* PopView.m */,
				211582A11E24ECF600640615 /* PopView.xib */,
			);
			path = Scanview;
			sourceTree = "<group>";
		};
		213E2E6C1D6C2E5600CF64BD /* STLoopProgressView */ = {
			isa = PBXGroup;
			children = (
				213E2E6D1D6C2E5600CF64BD /* STLoopProgressView+BaseConfiguration.h */,
				213E2E6E1D6C2E5600CF64BD /* STLoopProgressView+BaseConfiguration.m */,
				213E2E6F1D6C2E5600CF64BD /* STLoopProgressView.h */,
				213E2E701D6C2E5600CF64BD /* STLoopProgressView.m */,
			);
			path = STLoopProgressView;
			sourceTree = "<group>";
		};
		2148563E1DBDAB830072D48E /* Frameworks */ = {
			isa = PBXGroup;
			children = (
				2182FFBC1E8261DB00D8B8AF /* SystemConfiguration.framework */,
				214856491DBDABD50072D48E /* MessageUI.framework */,
				214856471DBDABC70072D48E /* libsqlite3.tbd */,
				214856451DBDABAF0072D48E /* JavaScriptCore.framework */,
				214856431DBDABA20072D48E /* libstdc++.tbd */,
				214856411DBDAB920072D48E /* libicucore.tbd */,
				2148563F1DBDAB830072D48E /* libz.tbd */,
			);
			name = Frameworks;
			sourceTree = "<group>";
		};
		2149B4DD1D546DD800084CB1 /* BLELib */ = {
			isa = PBXGroup;
			children = (
				2149B4DE1D546DD800084CB1 /* BabyBluetooth.h */,
				2149B4DF1D546DD800084CB1 /* BabyBluetooth.m */,
				2149B4E01D546DD800084CB1 /* BabyCallback.h */,
				2149B4E11D546DD800084CB1 /* BabyCallback.m */,
				2149B4E21D546DD800084CB1 /* BabyCentralManager.h */,
				2149B4E31D546DD800084CB1 /* BabyCentralManager.m */,
				2149B4E41D546DD800084CB1 /* BabyOptions.h */,
				2149B4E51D546DD800084CB1 /* BabyOptions.m */,
				2149B4E61D546DD800084CB1 /* BabyPeripheralManager.h */,
				2149B4E71D546DD800084CB1 /* BabyPeripheralManager.m */,
				2149B4E81D546DD800084CB1 /* BabyRhythm.h */,
				2149B4E91D546DD800084CB1 /* BabyRhythm.m */,
				2149B4EA1D546DD800084CB1 /* BabySpeaker.h */,
				2149B4EB1D546DD800084CB1 /* BabySpeaker.m */,
				2149B4EC1D546DD800084CB1 /* BabyToy.h */,
				2149B4ED1D546DD800084CB1 /* BabyToy.m */,
			);
			path = BLELib;
			sourceTree = "<group>";
		};
		2149B5131D54749400084CB1 /* Main */ = {
			isa = PBXGroup;
			children = (
				2149B51C1D54749400084CB1 /* KSDatePicker */,
				2149B5421D54749400084CB1 /* MainView */,
				2149B5931D54749400084CB1 /* object */,
			);
			path = Main;
			sourceTree = "<group>";
		};
		2149B51C1D54749400084CB1 /* KSDatePicker */ = {
			isa = PBXGroup;
			children = (
				2149B51D1D54749400084CB1 /* Masonry */,
				2149B5391D54749400084CB1 /* PickerChoiceView.h */,
				2149B53A1D54749400084CB1 /* PickerChoiceView.m */,
			);
			name = KSDatePicker;
			path = LeftView/UserInfor/KSDatePicker;
			sourceTree = "<group>";
		};
		2149B51D1D54749400084CB1 /* Masonry */ = {
			isa = PBXGroup;
			children = (
				2149B51E1D54749400084CB1 /* MASCompositeConstraint.h */,
				2149B51F1D54749400084CB1 /* MASCompositeConstraint.m */,
				2149B5201D54749400084CB1 /* MASConstraint+Private.h */,
				2149B5211D54749400084CB1 /* MASConstraint.h */,
				2149B5221D54749400084CB1 /* MASConstraint.m */,
				2149B5231D54749400084CB1 /* MASConstraintMaker.h */,
				2149B5241D54749400084CB1 /* MASConstraintMaker.m */,
				2149B5251D54749400084CB1 /* MASLayoutConstraint.h */,
				2149B5261D54749400084CB1 /* MASLayoutConstraint.m */,
				2149B5271D54749400084CB1 /* Masonry.h */,
				2149B5281D54749400084CB1 /* MASUtilities.h */,
				2149B5291D54749400084CB1 /* MASViewAttribute.h */,
				2149B52A1D54749400084CB1 /* MASViewAttribute.m */,
				2149B52B1D54749400084CB1 /* MASViewConstraint.h */,
				2149B52C1D54749400084CB1 /* MASViewConstraint.m */,
				2149B52D1D54749400084CB1 /* NSArray+MASAdditions.h */,
				2149B52E1D54749400084CB1 /* NSArray+MASAdditions.m */,
				2149B52F1D54749400084CB1 /* NSArray+MASShorthandAdditions.h */,
				2149B5301D54749400084CB1 /* NSLayoutConstraint+MASDebugAdditions.h */,
				2149B5311D54749400084CB1 /* NSLayoutConstraint+MASDebugAdditions.m */,
				2149B5321D54749400084CB1 /* View+MASAdditions.h */,
				2149B5331D54749400084CB1 /* View+MASAdditions.m */,
				2149B5341D54749400084CB1 /* View+MASShorthandAdditions.h */,
				2149B5351D54749400084CB1 /* ViewController+MASAdditions.h */,
				2149B5361D54749400084CB1 /* ViewController+MASAdditions.m */,
			);
			path = Masonry;
			sourceTree = "<group>";
		};
		2149B5421D54749400084CB1 /* MainView */ = {
			isa = PBXGroup;
			children = (
				2678125F21FB0B7600A3B94C /* sendView */,
				2149B5431D54749400084CB1 /* BLE */,
				2149B5611D54749400084CB1 /* CustomTool */,
			);
			path = MainView;
			sourceTree = "<group>";
		};
		2149B5431D54749400084CB1 /* BLE */ = {
			isa = PBXGroup;
			children = (
				2149B5501D54749400084CB1 /* Modal */,
				2149B5441D54749400084CB1 /* Controller */,
			);
			path = BLE;
			sourceTree = "<group>";
		};
		2149B5441D54749400084CB1 /* Controller */ = {
			isa = PBXGroup;
			children = (
				2149B5451D54749400084CB1 /* BLEViewController.h */,
				2149B5461D54749400084CB1 /* BLEViewController.m */,
				2149B5471D54749400084CB1 /* BLEViewController.xib */,
			);
			path = Controller;
			sourceTree = "<group>";
		};
		2149B5501D54749400084CB1 /* Modal */ = {
			isa = PBXGroup;
			children = (
				2149B4EE1D546DD800084CB1 /* UUID.h */,
				2149B5511D54749400084CB1 /* BLEdataFunc.h */,
				2149B5521D54749400084CB1 /* BLEdataFunc.m */,
				2149B5531D54749400084CB1 /* BLEDevice.h */,
				2149B5541D54749400084CB1 /* BLEDevice.m */,
				2149B5571D54749400084CB1 /* LocalNotifyFunc.h */,
				2149B5581D54749400084CB1 /* LocalNotifyFunc.m */,
			);
			path = Modal;
			sourceTree = "<group>";
		};
		2149B5611D54749400084CB1 /* CustomTool */ = {
			isa = PBXGroup;
			children = (
				218479261E84F28B004E4AA2 /* ConfigureVC */,
				2179D78D1E4C569600E72311 /* CircleProgress */,
				2115829C1E24ECF600640615 /* Scanview */,
				213E2E6C1D6C2E5600CF64BD /* STLoopProgressView */,
			);
			path = CustomTool;
			sourceTree = "<group>";
		};
		2149B5931D54749400084CB1 /* object */ = {
			isa = PBXGroup;
			children = (
				2149B5941D54749400084CB1 /* NSDate+Datestring.h */,
				2149B5951D54749400084CB1 /* NSDate+Datestring.m */,
				212E85E11E8237060084451A /* UIColor+Hex.h */,
				212E85E21E8237060084451A /* UIColor+Hex.m */,
			);
			path = object;
			sourceTree = "<group>";
		};
		2149B5D01D54765300084CB1 /* other */ = {
			isa = PBXGroup;
			children = (
				2149B5D71D54765300084CB1 /* Prefix.pch */,
				2149B5D11D54765300084CB1 /* AppDelegate.h */,
				2149B5D21D54765300084CB1 /* AppDelegate.m */,
				2149B5D61D54765300084CB1 /* main.m */,
				214156721D5C0BD800780320 /* Info.plist */,
				2149B5D31D54765300084CB1 /* Assets.xcassets */,
				2149B5D51D54765300084CB1 /* LaunchScreen.storyboard */,
				2149B5D81D54765300084CB1 /* Soundwarning.wav */,
			);
			name = other;
			path = BLELib/other;
			sourceTree = "<group>";
		};
		214B95AB1D61963900D7BFDC /* MBProgressHUD */ = {
			isa = PBXGroup;
			children = (
				2164F5931D9A076700D26CB8 /* HUDTips.h */,
				2164F5921D9A076700D26CB8 /* HUDTips.m */,
				214B95AC1D61963900D7BFDC /* MBProgressHUD.h */,
				214B95AD1D61963900D7BFDC /* MBProgressHUD.m */,
			);
			path = MBProgressHUD;
			sourceTree = "<group>";
		};
		2179D78D1E4C569600E72311 /* CircleProgress */ = {
			isa = PBXGroup;
			children = (
				2179D7911E4C56CE00E72311 /* NSTimer+timerBlock.h */,
				2179D7921E4C56CE00E72311 /* NSTimer+timerBlock.m */,
				2179D7931E4C56CE00E72311 /* ZZCircleProgress.h */,
				2179D7941E4C56CE00E72311 /* ZZCircleProgress.m */,
			);
			name = CircleProgress;
			path = YLButton;
			sourceTree = "<group>";
		};
		218479261E84F28B004E4AA2 /* ConfigureVC */ = {
			isa = PBXGroup;
			children = (
				218479271E84F2CB004E4AA2 /* ConfigureVC.h */,
				218479281E84F2CB004E4AA2 /* ConfigureVC.m */,
				21800F711E89083900ECD460 /* OpmodeObject.h */,
				21800F721E89083900ECD460 /* OpmodeObject.m */,
			);
			path = ConfigureVC;
			sourceTree = "<group>";
		};
		21F4407A1CCB50E6006113AE = {
			isa = PBXGroup;
			children = (
				21F440851CCB50E6006113AE /* EspBlufi */,
				21F4409F1CCB50E6006113AE /* EspBlufiTests */,
				21F440AA1CCB50E6006113AE /* EspBlufiUITests */,
				21F440841CCB50E6006113AE /* Products */,
				2148563E1DBDAB830072D48E /* Frameworks */,
			);
			sourceTree = "<group>";
		};
		21F440841CCB50E6006113AE /* Products */ = {
			isa = PBXGroup;
			children = (
				21F440831CCB50E6006113AE /* EspBlufi.app */,
				21F4409C1CCB50E6006113AE /* EspBlufi.xctest */,
				21F440A71CCB50E6006113AE /* EspBlufi.xctest */,
			);
			name = Products;
			sourceTree = "<group>";
		};
		21F440851CCB50E6006113AE /* EspBlufi */ = {
			isa = PBXGroup;
			children = (
				269D6D3E225C368900A5C23D /* EspBlufi.entitlements */,
				21FEB9BA1F335018004C5F94 /* blufiprotocol */,
				2149B4DD1D546DD800084CB1 /* BLELib */,
				2105F5341E8BE0F400492744 /* openssl */,
				214B95AB1D61963900D7BFDC /* MBProgressHUD */,
				2149B5131D54749400084CB1 /* Main */,
				2149B5D01D54765300084CB1 /* other */,
				21F440861CCB50E6006113AE /* Supporting Files */,
			);
			path = EspBlufi;
			sourceTree = "<group>";
		};
		21F440861CCB50E6006113AE /* Supporting Files */ = {
			isa = PBXGroup;
			children = (
				213BB0591D111EA40013FC9B /* Localizable.strings */,
			);
			name = "Supporting Files";
			sourceTree = "<group>";
		};
		21F4409F1CCB50E6006113AE /* EspBlufiTests */ = {
			isa = PBXGroup;
			children = (
				21AC761F1E2368DA00C6E550 /* EspBlufiTests.m */,
				21F440A21CCB50E6006113AE /* Info.plist */,
			);
			path = EspBlufiTests;
			sourceTree = "<group>";
		};
		21F440AA1CCB50E6006113AE /* EspBlufiUITests */ = {
			isa = PBXGroup;
			children = (
				21AC76211E2368E800C6E550 /* EspBlufiUITests.m */,
				21F440AD1CCB50E6006113AE /* Info.plist */,
			);
			path = EspBlufiUITests;
			sourceTree = "<group>";
		};
		21FEB9BA1F335018004C5F94 /* blufiprotocol */ = {
			isa = PBXGroup;
			children = (
				218479211E83BAEB004E4AA2 /* PacketCommand.h */,
				218479221E83BAEB004E4AA2 /* PacketCommand.m */,
				2105F5D81E8CFC0100492744 /* RSAObject.h */,
				2105F5D91E8CFC0100492744 /* RSAObject.m */,
				2105F5DE1E8FC21C00492744 /* DH_AES.h */,
				2105F5DF1E8FC21C00492744 /* DH_AES.m */,
			);
			name = blufiprotocol;
			sourceTree = "<group>";
		};
		2678125F21FB0B7600A3B94C /* sendView */ = {
			isa = PBXGroup;
			children = (
				2678126021FB0B7600A3B94C /* sendViewController.h */,
				2678126121FB0B7600A3B94C /* sendViewController.m */,
			);
			path = sendView;
			sourceTree = "<group>";
		};
/* End PBXGroup section */

/* Begin PBXNativeTarget section */
		21F440821CCB50E6006113AE /* EspBlufi */ = {
			isa = PBXNativeTarget;
			buildConfigurationList = 21F440B01CCB50E6006113AE /* Build configuration list for PBXNativeTarget "EspBlufi" */;
			buildPhases = (
				21F4407F1CCB50E6006113AE /* Sources */,
				21F440801CCB50E6006113AE /* Frameworks */,
				21F440811CCB50E6006113AE /* Resources */,
			);
			buildRules = (
			);
			dependencies = (
			);
			name = EspBlufi;
			productName = "益家人";
			productReference = 21F440831CCB50E6006113AE /* EspBlufi.app */;
			productType = "com.apple.product-type.application";
		};
		21F4409B1CCB50E6006113AE /* EspBlufiTests */ = {
			isa = PBXNativeTarget;
			buildConfigurationList = 21F440B31CCB50E6006113AE /* Build configuration list for PBXNativeTarget "EspBlufiTests" */;
			buildPhases = (
				21F440981CCB50E6006113AE /* Sources */,
				21F440991CCB50E6006113AE /* Frameworks */,
				21F4409A1CCB50E6006113AE /* Resources */,
			);
			buildRules = (
			);
			dependencies = (
				21F4409E1CCB50E6006113AE /* PBXTargetDependency */,
			);
			name = EspBlufiTests;
			productName = "益家人Tests";
			productReference = 21F4409C1CCB50E6006113AE /* EspBlufi.xctest */;
			productType = "com.apple.product-type.bundle.unit-test";
		};
		21F440A61CCB50E6006113AE /* EspBlufiUITests */ = {
			isa = PBXNativeTarget;
			buildConfigurationList = 21F440B61CCB50E6006113AE /* Build configuration list for PBXNativeTarget "EspBlufiUITests" */;
			buildPhases = (
				21F440A31CCB50E6006113AE /* Sources */,
				21F440A41CCB50E6006113AE /* Frameworks */,
				21F440A51CCB50E6006113AE /* Resources */,
			);
			buildRules = (
			);
			dependencies = (
				21F440A91CCB50E6006113AE /* PBXTargetDependency */,
			);
			name = EspBlufiUITests;
			productName = "益家人UITests";
			productReference = 21F440A71CCB50E6006113AE /* EspBlufi.xctest */;
			productType = "com.apple.product-type.bundle.ui-testing";
		};
/* End PBXNativeTarget section */

/* Begin PBXProject section */
		21F4407B1CCB50E6006113AE /* Project object */ = {
			isa = PBXProject;
			attributes = {
				LastUpgradeCheck = 0910;
				ORGANIZATIONNAME = "zhi weijian";
				TargetAttributes = {
					21F440821CCB50E6006113AE = {
						CreatedOnToolsVersion = 7.3;
						DevelopmentTeam = QWXF6GB4AV;
						ProvisioningStyle = Manual;
						SystemCapabilities = {
							com.apple.AccessWiFi = {
								enabled = 1;
							};
							com.apple.BackgroundModes = {
								enabled = 1;
							};
							com.apple.Push = {
								enabled = 0;
							};
						};
					};
					21F4409B1CCB50E6006113AE = {
						CreatedOnToolsVersion = 7.3;
						TestTargetID = 21F440821CCB50E6006113AE;
					};
					21F440A61CCB50E6006113AE = {
						CreatedOnToolsVersion = 7.3;
						TestTargetID = 21F440821CCB50E6006113AE;
					};
				};
			};
			buildConfigurationList = 21F4407E1CCB50E6006113AE /* Build configuration list for PBXProject "EspBlufi" */;
			compatibilityVersion = "Xcode 3.2";
			developmentRegion = English;
			hasScannedForEncodings = 0;
			knownRegions = (
				en,
				Base,
				"zh-Hans",
			);
			mainGroup = 21F4407A1CCB50E6006113AE;
			productRefGroup = 21F440841CCB50E6006113AE /* Products */;
			projectDirPath = "";
			projectRoot = "";
			targets = (
				21F440821CCB50E6006113AE /* EspBlufi */,
				21F4409B1CCB50E6006113AE /* EspBlufiTests */,
				21F440A61CCB50E6006113AE /* EspBlufiUITests */,
			);
		};
/* End PBXProject section */

/* Begin PBXResourcesBuildPhase section */
		21F440811CCB50E6006113AE /* Resources */ = {
			isa = PBXResourcesBuildPhase;
			buildActionMask = 2147483647;
			files = (
				2149B5DC1D54765300084CB1 /* LaunchScreen.storyboard in Resources */,
				2149B5DE1D54765300084CB1 /* Soundwarning.wav in Resources */,
				2149B5AC1D54749400084CB1 /* BLEViewController.xib in Resources */,
				2149B5DA1D54765300084CB1 /* Assets.xcassets in Resources */,
				211582A41E24ECF600640615 /* PopView.xib in Resources */,
				2105F5881E8BE0F400492744 /* LICENSE in Resources */,
				213BB0571D111EA40013FC9B /* Localizable.strings in Resources */,
			);
			runOnlyForDeploymentPostprocessing = 0;
		};
		21F4409A1CCB50E6006113AE /* Resources */ = {
			isa = PBXResourcesBuildPhase;
			buildActionMask = 2147483647;
			files = (
			);
			runOnlyForDeploymentPostprocessing = 0;
		};
		21F440A51CCB50E6006113AE /* Resources */ = {
			isa = PBXResourcesBuildPhase;
			buildActionMask = 2147483647;
			files = (
			);
			runOnlyForDeploymentPostprocessing = 0;
		};
/* End PBXResourcesBuildPhase section */

/* Begin PBXSourcesBuildPhase section */
		21F4407F1CCB50E6006113AE /* Sources */ = {
			isa = PBXSourcesBuildPhase;
			buildActionMask = 2147483647;
			files = (
				2678126221FB0B7600A3B94C /* sendViewController.m in Sources */,
				2149B5A31D54749400084CB1 /* View+MASAdditions.m in Sources */,
				2149B4F31D546DD800084CB1 /* BabyPeripheralManager.m in Sources */,
				2149B5A11D54749400084CB1 /* NSArray+MASAdditions.m in Sources */,
				211582A31E24ECF600640615 /* PopView.m in Sources */,
				2179D7951E4C56CE00E72311 /* NSTimer+timerBlock.m in Sources */,
				2149B59F1D54749400084CB1 /* MASViewAttribute.m in Sources */,
				2164F5941D9A076700D26CB8 /* HUDTips.m in Sources */,
				2149B4F41D546DD800084CB1 /* BabyRhythm.m in Sources */,
				2149B4F01D546DD800084CB1 /* BabyCallback.m in Sources */,
				2149B4F51D546DD800084CB1 /* BabySpeaker.m in Sources */,
				2149B5A01D54749400084CB1 /* MASViewConstraint.m in Sources */,
				213E2E721D6C2E5600CF64BD /* STLoopProgressView.m in Sources */,
				2149B59D1D54749400084CB1 /* MASConstraintMaker.m in Sources */,
				2149B5A61D54749400084CB1 /* PickerChoiceView.m in Sources */,
				212E85E31E8237060084451A /* UIColor+Hex.m in Sources */,
				2149B4F11D546DD800084CB1 /* BabyCentralManager.m in Sources */,
				2105F5DA1E8CFC0100492744 /* RSAObject.m in Sources */,
				21800F731E89083900ECD460 /* OpmodeObject.m in Sources */,
				2149B5DD1D54765300084CB1 /* main.m in Sources */,
				2149B59C1D54749400084CB1 /* MASConstraint.m in Sources */,
				214B95AE1D61963900D7BFDC /* MBProgressHUD.m in Sources */,
				2179D7961E4C56CE00E72311 /* ZZCircleProgress.m in Sources */,
				2105F5E01E8FC21C00492744 /* DH_AES.m in Sources */,
				213E2E711D6C2E5600CF64BD /* STLoopProgressView+BaseConfiguration.m in Sources */,
				2149B5AB1D54749400084CB1 /* BLEViewController.m in Sources */,
				2149B5B21D54749400084CB1 /* BLEDevice.m in Sources */,
				2149B4F61D546DD800084CB1 /* BabyToy.m in Sources */,
				2149B59B1D54749400084CB1 /* MASCompositeConstraint.m in Sources */,
				2149B5D91D54765300084CB1 /* AppDelegate.m in Sources */,
				2149B5CE1D54749400084CB1 /* NSDate+Datestring.m in Sources */,
				2149B4EF1D546DD800084CB1 /* BabyBluetooth.m in Sources */,
				2149B5A41D54749400084CB1 /* ViewController+MASAdditions.m in Sources */,
				218479231E83BAEB004E4AA2 /* PacketCommand.m in Sources */,
				2149B5B11D54749400084CB1 /* BLEdataFunc.m in Sources */,
				2149B4F21D546DD800084CB1 /* BabyOptions.m in Sources */,
				218479291E84F2CB004E4AA2 /* ConfigureVC.m in Sources */,
				2149B5A21D54749400084CB1 /* NSLayoutConstraint+MASDebugAdditions.m in Sources */,
				2149B5B41D54749400084CB1 /* LocalNotifyFunc.m in Sources */,
				2149B59E1D54749400084CB1 /* MASLayoutConstraint.m in Sources */,
			);
			runOnlyForDeploymentPostprocessing = 0;
		};
		21F440981CCB50E6006113AE /* Sources */ = {
			isa = PBXSourcesBuildPhase;
			buildActionMask = 2147483647;
			files = (
				21AC76201E2368DA00C6E550 /* EspBlufiTests.m in Sources */,
			);
			runOnlyForDeploymentPostprocessing = 0;
		};
		21F440A31CCB50E6006113AE /* Sources */ = {
			isa = PBXSourcesBuildPhase;
			buildActionMask = 2147483647;
			files = (
				21AC76221E2368E800C6E550 /* EspBlufiUITests.m in Sources */,
			);
			runOnlyForDeploymentPostprocessing = 0;
		};
/* End PBXSourcesBuildPhase section */

/* Begin PBXTargetDependency section */
		21F4409E1CCB50E6006113AE /* PBXTargetDependency */ = {
			isa = PBXTargetDependency;
			target = 21F440821CCB50E6006113AE /* EspBlufi */;
			targetProxy = 21F4409D1CCB50E6006113AE /* PBXContainerItemProxy */;
		};
		21F440A91CCB50E6006113AE /* PBXTargetDependency */ = {
			isa = PBXTargetDependency;
			target = 21F440821CCB50E6006113AE /* EspBlufi */;
			targetProxy = 21F440A81CCB50E6006113AE /* PBXContainerItemProxy */;
		};
/* End PBXTargetDependency section */

/* Begin PBXVariantGroup section */
		213BB0591D111EA40013FC9B /* Localizable.strings */ = {
			isa = PBXVariantGroup;
			children = (
				213BB0581D111EA40013FC9B /* en */,
				213BB05A1D111EB50013FC9B /* zh-Hans */,
			);
			name = Localizable.strings;
			path = ..;
			sourceTree = "<group>";
		};
/* End PBXVariantGroup section */

/* Begin XCBuildConfiguration section */
		21F440AE1CCB50E6006113AE /* Debug */ = {
			isa = XCBuildConfiguration;
			buildSettings = {
				ALWAYS_SEARCH_USER_PATHS = YES;
				CLANG_ANALYZER_LOCALIZABILITY_NONLOCALIZED = YES;
				CLANG_ANALYZER_NONNULL = YES;
				CLANG_CXX_LANGUAGE_STANDARD = "gnu++0x";
				CLANG_CXX_LIBRARY = "libc++";
				CLANG_ENABLE_MODULES = YES;
				CLANG_ENABLE_OBJC_ARC = YES;
				CLANG_WARN_BLOCK_CAPTURE_AUTORELEASING = YES;
				CLANG_WARN_BOOL_CONVERSION = YES;
				CLANG_WARN_COMMA = YES;
				CLANG_WARN_CONSTANT_CONVERSION = YES;
				CLANG_WARN_DIRECT_OBJC_ISA_USAGE = YES_ERROR;
				CLANG_WARN_EMPTY_BODY = YES;
				CLANG_WARN_ENUM_CONVERSION = YES;
				CLANG_WARN_INFINITE_RECURSION = YES;
				CLANG_WARN_INT_CONVERSION = YES;
				CLANG_WARN_NON_LITERAL_NULL_CONVERSION = YES;
				CLANG_WARN_OBJC_LITERAL_CONVERSION = YES;
				CLANG_WARN_OBJC_ROOT_CLASS = YES_ERROR;
				CLANG_WARN_RANGE_LOOP_ANALYSIS = YES;
				CLANG_WARN_STRICT_PROTOTYPES = YES;
				CLANG_WARN_SUSPICIOUS_MOVE = YES;
				CLANG_WARN_UNREACHABLE_CODE = YES;
				CLANG_WARN__DUPLICATE_METHOD_MATCH = YES;
				"CODE_SIGN_IDENTITY[sdk=iphoneos*]" = "iPhone Developer";
				COPY_PHASE_STRIP = NO;
				DEBUG_INFORMATION_FORMAT = dwarf;
				ENABLE_STRICT_OBJC_MSGSEND = YES;
				ENABLE_TESTABILITY = YES;
				GCC_C_LANGUAGE_STANDARD = gnu99;
				GCC_DYNAMIC_NO_PIC = NO;
				GCC_NO_COMMON_BLOCKS = YES;
				GCC_OPTIMIZATION_LEVEL = 0;
				GCC_PREPROCESSOR_DEFINITIONS = (
					"DEBUG=1",
					"$(inherited)",
				);
				GCC_WARN_64_TO_32_BIT_CONVERSION = YES;
				GCC_WARN_ABOUT_RETURN_TYPE = YES_ERROR;
				GCC_WARN_UNDECLARED_SELECTOR = YES;
				GCC_WARN_UNINITIALIZED_AUTOS = YES_AGGRESSIVE;
				GCC_WARN_UNUSED_FUNCTION = YES;
				GCC_WARN_UNUSED_VARIABLE = YES;
				IPHONEOS_DEPLOYMENT_TARGET = 9.3;
				MTL_ENABLE_DEBUG_INFO = YES;
				ONLY_ACTIVE_ARCH = YES;
				SDKROOT = iphoneos;
			};
			name = Debug;
		};
		21F440AF1CCB50E6006113AE /* Release */ = {
			isa = XCBuildConfiguration;
			buildSettings = {
				ALWAYS_SEARCH_USER_PATHS = YES;
				CLANG_ANALYZER_LOCALIZABILITY_NONLOCALIZED = YES;
				CLANG_ANALYZER_NONNULL = YES;
				CLANG_CXX_LANGUAGE_STANDARD = "gnu++0x";
				CLANG_CXX_LIBRARY = "libc++";
				CLANG_ENABLE_MODULES = YES;
				CLANG_ENABLE_OBJC_ARC = YES;
				CLANG_WARN_BLOCK_CAPTURE_AUTORELEASING = YES;
				CLANG_WARN_BOOL_CONVERSION = YES;
				CLANG_WARN_COMMA = YES;
				CLANG_WARN_CONSTANT_CONVERSION = YES;
				CLANG_WARN_DIRECT_OBJC_ISA_USAGE = YES_ERROR;
				CLANG_WARN_EMPTY_BODY = YES;
				CLANG_WARN_ENUM_CONVERSION = YES;
				CLANG_WARN_INFINITE_RECURSION = YES;
				CLANG_WARN_INT_CONVERSION = YES;
				CLANG_WARN_NON_LITERAL_NULL_CONVERSION = YES;
				CLANG_WARN_OBJC_LITERAL_CONVERSION = YES;
				CLANG_WARN_OBJC_ROOT_CLASS = YES_ERROR;
				CLANG_WARN_RANGE_LOOP_ANALYSIS = YES;
				CLANG_WARN_STRICT_PROTOTYPES = YES;
				CLANG_WARN_SUSPICIOUS_MOVE = YES;
				CLANG_WARN_UNREACHABLE_CODE = YES;
				CLANG_WARN__DUPLICATE_METHOD_MATCH = YES;
				"CODE_SIGN_IDENTITY[sdk=iphoneos*]" = "iPhone Developer";
				COPY_PHASE_STRIP = NO;
				DEBUG_INFORMATION_FORMAT = "dwarf-with-dsym";
				ENABLE_NS_ASSERTIONS = NO;
				ENABLE_STRICT_OBJC_MSGSEND = YES;
				GCC_C_LANGUAGE_STANDARD = gnu99;
				GCC_NO_COMMON_BLOCKS = YES;
				GCC_WARN_64_TO_32_BIT_CONVERSION = YES;
				GCC_WARN_ABOUT_RETURN_TYPE = YES_ERROR;
				GCC_WARN_UNDECLARED_SELECTOR = YES;
				GCC_WARN_UNINITIALIZED_AUTOS = YES_AGGRESSIVE;
				GCC_WARN_UNUSED_FUNCTION = YES;
				GCC_WARN_UNUSED_VARIABLE = YES;
				IPHONEOS_DEPLOYMENT_TARGET = 9.3;
				MTL_ENABLE_DEBUG_INFO = NO;
				SDKROOT = iphoneos;
				VALIDATE_PRODUCT = YES;
			};
			name = Release;
		};
		21F440B11CCB50E6006113AE /* Debug */ = {
			isa = XCBuildConfiguration;
			buildSettings = {
				ASSETCATALOG_COMPILER_APPICON_NAME = AppIcon;
				CODE_SIGN_ENTITLEMENTS = EspBlufi/EspBlufi.entitlements;
				CODE_SIGN_IDENTITY = "iPhone Developer: Pei Chi Ng (56K59C55CS)";
				"CODE_SIGN_IDENTITY[sdk=iphoneos*]" = "iPhone Developer: Pei Chi Ng (56K59C55CS)";
				CODE_SIGN_STYLE = Manual;
				DEVELOPMENT_TEAM = QWXF6GB4AV;
				ENABLE_BITCODE = NO;
				FRAMEWORK_SEARCH_PATHS = "$(inherited)";
				"HEADER_SEARCH_PATHS[arch=*]" = "$(SRCROOT)/EspBlufi/openssl/openssl/include/";
				INFOPLIST_FILE = EspBlufi/Info.plist;
				IPHONEOS_DEPLOYMENT_TARGET = 8.0;
				LD_RUNPATH_SEARCH_PATHS = "$(inherited) @executable_path/Frameworks";
				LIBRARY_SEARCH_PATHS = (
					"$(inherited)",
					"$(PROJECT_DIR)/EspBlufi/Main/MainView/BLE/Controller",
					"$(PROJECT_DIR)",
					"$(PROJECT_DIR)/EspBlufi/openssl",
					"$(PROJECT_DIR)/EspBlufi/openssl/openssl",
				);
				PRODUCT_BUNDLE_IDENTIFIER = com.espressif.EspBlufi;
				PRODUCT_NAME = EspBlufi;
				PROVISIONING_PROFILE = "";
				PROVISIONING_PROFILE_SPECIFIER = EspBlufiDevelopment;
				TARGETED_DEVICE_FAMILY = 1;
			};
			name = Debug;
		};
		21F440B21CCB50E6006113AE /* Release */ = {
			isa = XCBuildConfiguration;
			buildSettings = {
				ASSETCATALOG_COMPILER_APPICON_NAME = AppIcon;
				CODE_SIGN_ENTITLEMENTS = EspBlufi/EspBlufi.entitlements;
				CODE_SIGN_IDENTITY = "iPhone Distribution: Espressif Systems (Shanghai) Pte. Ltd. (QWXF6GB4AV)";
				"CODE_SIGN_IDENTITY[sdk=iphoneos*]" = "iPhone Distribution: Espressif Systems (Shanghai) Pte. Ltd. (QWXF6GB4AV)";
				CODE_SIGN_STYLE = Manual;
				DEVELOPMENT_TEAM = QWXF6GB4AV;
				ENABLE_BITCODE = NO;
				FRAMEWORK_SEARCH_PATHS = "$(inherited)";
				HEADER_SEARCH_PATHS = "$(SRCROOT)/EspBlufi/openssl/openssl/include/";
				INFOPLIST_FILE = EspBlufi/Info.plist;
				IPHONEOS_DEPLOYMENT_TARGET = 12.0;
				LD_RUNPATH_SEARCH_PATHS = "$(inherited) @executable_path/Frameworks";
				LIBRARY_SEARCH_PATHS = (
					"$(inherited)",
					"$(PROJECT_DIR)/EspBlufi/Main/MainView/BLE/Controller",
					"$(PROJECT_DIR)",
					"$(PROJECT_DIR)/EspBlufi/openssl",
					"$(PROJECT_DIR)/EspBlufi/openssl/openssl",
				);
				PRODUCT_BUNDLE_IDENTIFIER = com.espressif.EspBlufi;
				PRODUCT_NAME = EspBlufi;
				PROVISIONING_PROFILE = "";
				PROVISIONING_PROFILE_SPECIFIER = EspBlufiDistribution;
				TARGETED_DEVICE_FAMILY = 1;
			};
			name = Release;
		};
		21F440B41CCB50E6006113AE /* Debug */ = {
			isa = XCBuildConfiguration;
			buildSettings = {
				BUNDLE_LOADER = "$(TEST_HOST)";
				INFOPLIST_FILE = EspBlufiTests/Info.plist;
				LD_RUNPATH_SEARCH_PATHS = "$(inherited) @executable_path/Frameworks @loader_path/Frameworks";
				PRODUCT_BUNDLE_IDENTIFIER = "com.joymed-tech.---Tests";
				PRODUCT_NAME = EspBlufi;
				TEST_HOST = "$(BUILT_PRODUCTS_DIR)/EspBlufi.app/EspBlufi";
			};
			name = Debug;
		};
		21F440B51CCB50E6006113AE /* Release */ = {
			isa = XCBuildConfiguration;
			buildSettings = {
				BUNDLE_LOADER = "$(TEST_HOST)";
				INFOPLIST_FILE = EspBlufiTests/Info.plist;
				LD_RUNPATH_SEARCH_PATHS = "$(inherited) @executable_path/Frameworks @loader_path/Frameworks";
				PRODUCT_BUNDLE_IDENTIFIER = "com.joymed-tech.---Tests";
				PRODUCT_NAME = EspBlufi;
				TEST_HOST = "$(BUILT_PRODUCTS_DIR)/EspBlufi.app/EspBlufi";
			};
			name = Release;
		};
		21F440B71CCB50E6006113AE /* Debug */ = {
			isa = XCBuildConfiguration;
			buildSettings = {
				INFOPLIST_FILE = EspBlufiUITests/Info.plist;
				LD_RUNPATH_SEARCH_PATHS = "$(inherited) @executable_path/Frameworks @loader_path/Frameworks";
				PRODUCT_BUNDLE_IDENTIFIER = "com.joymed-tech.---UITests";
				PRODUCT_NAME = EspBlufi;
				TEST_TARGET_NAME = EspBlufi;
			};
			name = Debug;
		};
		21F440B81CCB50E6006113AE /* Release */ = {
			isa = XCBuildConfiguration;
			buildSettings = {
				INFOPLIST_FILE = EspBlufiUITests/Info.plist;
				LD_RUNPATH_SEARCH_PATHS = "$(inherited) @executable_path/Frameworks @loader_path/Frameworks";
				PRODUCT_BUNDLE_IDENTIFIER = "com.joymed-tech.---UITests";
				PRODUCT_NAME = EspBlufi;
				TEST_TARGET_NAME = EspBlufi;
			};
			name = Release;
		};
/* End XCBuildConfiguration section */

/* Begin XCConfigurationList section */
		21F4407E1CCB50E6006113AE /* Build configuration list for PBXProject "EspBlufi" */ = {
			isa = XCConfigurationList;
			buildConfigurations = (
				21F440AE1CCB50E6006113AE /* Debug */,
				21F440AF1CCB50E6006113AE /* Release */,
			);
			defaultConfigurationIsVisible = 0;
			defaultConfigurationName = Release;
		};
		21F440B01CCB50E6006113AE /* Build configuration list for PBXNativeTarget "EspBlufi" */ = {
			isa = XCConfigurationList;
			buildConfigurations = (
				21F440B11CCB50E6006113AE /* Debug */,
				21F440B21CCB50E6006113AE /* Release */,
			);
			defaultConfigurationIsVisible = 0;
			defaultConfigurationName = Release;
		};
		21F440B31CCB50E6006113AE /* Build configuration list for PBXNativeTarget "EspBlufiTests" */ = {
			isa = XCConfigurationList;
			buildConfigurations = (
				21F440B41CCB50E6006113AE /* Debug */,
				21F440B51CCB50E6006113AE /* Release */,
			);
			defaultConfigurationIsVisible = 0;
			defaultConfigurationName = Release;
		};
		21F440B61CCB50E6006113AE /* Build configuration list for PBXNativeTarget "EspBlufiUITests" */ = {
			isa = XCConfigurationList;
			buildConfigurations = (
				21F440B71CCB50E6006113AE /* Debug */,
				21F440B81CCB50E6006113AE /* Release */,
			);
			defaultConfigurationIsVisible = 0;
			defaultConfigurationName = Release;
		};
/* End XCConfigurationList section */
	};
	rootObject = 21F4407B1CCB50E6006113AE /* Project object */;
}
